
Microsoft Visual Studio Solution File, Format Version 12.00
# Visual Studio Version 16
VisualStudioVersion = 16.0.30011.22
MinimumVisualStudioVersion = 10.0.40219.1
Project("{FAE04EC0-301F-11D3-BF4B-00C04F79EFBC}") = "amazingHeightCalculator", "amazingHeightCalculator\amazingHeightCalculator.csproj", "{B7A74DC8-D74E-4A44-9A82-76C530931B52}"
EndProject
Global
	GlobalSection(SolutionConfigurationPlatforms) = preSolution
		Debug|Any CPU = Debug|Any CPU
		Release|Any CPU = Release|Any CPU
	EndGlobalSection
	GlobalSection(ProjectConfigurationPlatforms) = postSolution
		{B7A74DC8-D74E-4A44-9A82-76C530931B52}.Debug|Any CPU.ActiveCfg = Debug|Any CPU
		{B7A74DC8-D74E-4A44-9A82-76C530931B52}.Debug|Any CPU.Build.0 = Debug|Any CPU
		{B7A74DC8-D74E-4A44-9A82-76C530931B52}.Release|Any CPU.ActiveCfg = Release|Any CPU
		{B7A74DC8-D74E-4A44-9A82-76C530931B52}.Release|Any CPU.Build.0 = Release|Any CPU
	EndGlobalSection
	GlobalSection(SolutionProperties) = preSolution
		HideSolutionNode = FALSE
	EndGlobalSection
	GlobalSection(ExtensibilityGlobals) = postSolution
		SolutionGuid = {C61747C6-61E5-4B55-BAF6-522DECDCFA5E}
	EndGlobalSection
EndGlobal
